{
    "_meta": {
        "hash": {
            "sha256": "0bdd5542bcba35727848c74fe6550480138438953f93b828acf3a556d2c9f95c"
        },
        "pipfile-spec": 6,
        "requires": {
            "python_version": "3.8"
        },
        "sources": [
            {
                "name": "pypi",
                "url": "https://pypi.org/simple",
                "verify_ssl": true
            }
        ]
    },
    "default": {
        "django": {
            "hashes": [
                "sha256:0c5b65847d00845ee404bbc0b4a85686f15eb3001ffddda3db4e9baa265bf136",
                "sha256:68aeea369a8130259354b6ba1fa9babe0c5ee6bced505dea4afcd00f765ae38b"
            ],
            "index": "pypi",
            "version": "==2.0.8"
        },
        "gunicorn": {
            "hashes": [
                "sha256:1904bb2b8a43658807108d59c3f3d56c2b6121a701161de0ddf9ad140073c626",
                "sha256:cd4a810dd51bf497552cf3f863b575dabd73d6ad6a91075b65936b151cbf4f9c"
            ],
            "index": "pypi",
            "version": "==20.0.4"
        },
        "pytz": {
            "hashes": [
                "sha256:3e6b7dd2d1e0a59084bcee14a17af60c5c562cdc16d828e8eba2e683d3a7e268",
                "sha256:5c55e189b682d420be27c6995ba6edce0c0a77dd67bfbe2ae6607134d5851ffd"
            ],
            "version": "==2020.4"
        }
    },
    "develop": {}
}
